
Microsoft Visual Studio Solution File, Format Version 12.00
# Visual Studio Version 17
VisualStudioVersion = 17.3.32728.150
MinimumVisualStudioVersion = 10.0.40219.1
Project("{FAE04EC0-301F-11D3-BF4B-00C04F79EFBC}") = "ASPNETCoreMVCSerilog", "ASPNETCoreMVCSerilog\ASPNETCoreMVCSerilog.csproj", "{1938FD17-2711-4BE5-9487-78142644F4A2}"
EndProject
Global
	GlobalSection(SolutionConfigurationPlatforms) = preSolution
		Debug|Any CPU = Debug|Any CPU
		Release|Any CPU = Release|Any CPU
	EndGlobalSection
	GlobalSection(ProjectConfigurationPlatforms) = postSolution
		{1938FD17-2711-4BE5-9487-78142644F4A2}.Debug|Any CPU.ActiveCfg = Debug|Any CPU
		{1938FD17-2711-4BE5-9487-78142644F4A2}.Debug|Any CPU.Build.0 = Debug|Any CPU
		{1938FD17-2711-4BE5-9487-78142644F4A2}.Release|Any CPU.ActiveCfg = Release|Any CPU
		{1938FD17-2711-4BE5-9487-78142644F4A2}.Release|Any CPU.Build.0 = Release|Any CPU
	EndGlobalSection
	GlobalSection(SolutionProperties) = preSolution
		HideSolutionNode = FALSE
	EndGlobalSection
	GlobalSection(ExtensibilityGlobals) = postSolution
		SolutionGuid = {A43CC077-43A4-41D6-AD0F-0CF327E11053}
	EndGlobalSection
EndGlobal
